
Microsoft Visual Studio Solution File, Format Version 12.00
# Visual Studio Version 17
VisualStudioVersion = 17.0.31903.59
MinimumVisualStudioVersion = 10.0.40219.1
Project("{2150E333-8FDC-42A3-9474-1A3956D46DE8}") = "src", "src", "{AD049D0D-F354-4D10-AD47-E96B8F6F0568}"
EndProject
Project("{FAE04EC0-301F-11D3-BF4B-00C04F79EFBC}") = "ResumeAI.Shared", "src\ResumeAI.Shared\ResumeAI.Shared.csproj", "{3010C256-7EE9-43E4-81ED-692D11B34490}"
EndProject
Project("{FAE04EC0-301F-11D3-BF4B-00C04F79EFBC}") = "ResumeAI.Auth.API", "src\ResumeAI.Auth.API\ResumeAI.Auth.API.csproj", "{1915348C-17DC-4CB2-81B8-308969EE2B4E}"
EndProject
Project("{FAE04EC0-301F-11D3-BF4B-00C04F79EFBC}") = "ResumeAI.Resume.API", "src\ResumeAI.Resume.API\ResumeAI.Resume.API.csproj", "{4AA0C78B-2F54-4BCA-8B80-0000071DBC61}"
EndProject
Project("{FAE04EC0-301F-11D3-BF4B-00C04F79EFBC}") = "ResumeAI.Section.API", "src\ResumeAI.Section.API\ResumeAI.Section.API.csproj", "{A4DE6DAA-CDAA-4D57-ABBD-AC0245AA0831}"
EndProject
Project("{FAE04EC0-301F-11D3-BF4B-00C04F79EFBC}") = "ResumeAI.AI.API", "src\ResumeAI.AI.API\ResumeAI.AI.API.csproj", "{6E3F7ABB-9DB9-404A-88FC-7C590E53694D}"
EndProject
Project("{FAE04EC0-301F-11D3-BF4B-00C04F79EFBC}") = "ResumeAI.Template.API", "src\ResumeAI.Template.API\ResumeAI.Template.API.csproj", "{88C9A241-FBA7-4802-8B27-B2EC9696BCA6}"
EndProject
Project("{FAE04EC0-301F-11D3-BF4B-00C04F79EFBC}") = "ResumeAI.Export.API", "src\ResumeAI.Export.API\ResumeAI.Export.API.csproj", "{91FDD3C0-550F-4565-A8F9-38A82C7AD3A8}"
EndProject
Project("{FAE04EC0-301F-11D3-BF4B-00C04F79EFBC}") = "ResumeAI.JobMatch.API", "src\ResumeAI.JobMatch.API\ResumeAI.JobMatch.API.csproj", "{68361270-6FA1-47B6-A037-97F83C004D03}"
EndProject
Project("{FAE04EC0-301F-11D3-BF4B-00C04F79EFBC}") = "ResumeAI.Notification.API", "src\ResumeAI.Notification.API\ResumeAI.Notification.API.csproj", "{C4157C0C-1BFD-469B-A5B8-A9027B2B9D68}"
EndProject
Project("{FAE04EC0-301F-11D3-BF4B-00C04F79EFBC}") = "ResumeAI.Gateway", "src\ResumeAI.Gateway\ResumeAI.Gateway.csproj", "{182E57A5-B304-4150-BD5D-1EF06A1A46B9}"
EndProject
Global
	GlobalSection(SolutionConfigurationPlatforms) = preSolution
		Debug|Any CPU = Debug|Any CPU
		Release|Any CPU = Release|Any CPU
	EndGlobalSection
	GlobalSection(SolutionProperties) = preSolution
		HideSolutionNode = FALSE
	EndGlobalSection
	GlobalSection(ProjectConfigurationPlatforms) = postSolution
		{3010C256-7EE9-43E4-81ED-692D11B34490}.Debug|Any CPU.ActiveCfg = Debug|Any CPU
		{3010C256-7EE9-43E4-81ED-692D11B34490}.Debug|Any CPU.Build.0 = Debug|Any CPU
		{3010C256-7EE9-43E4-81ED-692D11B34490}.Release|Any CPU.ActiveCfg = Release|Any CPU
		{3010C256-7EE9-43E4-81ED-692D11B34490}.Release|Any CPU.Build.0 = Release|Any CPU
		{1915348C-17DC-4CB2-81B8-308969EE2B4E}.Debug|Any CPU.ActiveCfg = Debug|Any CPU
		{1915348C-17DC-4CB2-81B8-308969EE2B4E}.Debug|Any CPU.Build.0 = Debug|Any CPU
		{1915348C-17DC-4CB2-81B8-308969EE2B4E}.Release|Any CPU.ActiveCfg = Release|Any CPU
		{1915348C-17DC-4CB2-81B8-308969EE2B4E}.Release|Any CPU.Build.0 = Release|Any CPU
		{4AA0C78B-2F54-4BCA-8B80-0000071DBC61}.Debug|Any CPU.ActiveCfg = Debug|Any CPU
		{4AA0C78B-2F54-4BCA-8B80-0000071DBC61}.Debug|Any CPU.Build.0 = Debug|Any CPU
		{4AA0C78B-2F54-4BCA-8B80-0000071DBC61}.Release|Any CPU.ActiveCfg = Release|Any CPU
		{4AA0C78B-2F54-4BCA-8B80-0000071DBC61}.Release|Any CPU.Build.0 = Release|Any CPU
		{A4DE6DAA-CDAA-4D57-ABBD-AC0245AA0831}.Debug|Any CPU.ActiveCfg = Debug|Any CPU
		{A4DE6DAA-CDAA-4D57-ABBD-AC0245AA0831}.Debug|Any CPU.Build.0 = Debug|Any CPU
		{A4DE6DAA-CDAA-4D57-ABBD-AC0245AA0831}.Release|Any CPU.ActiveCfg = Release|Any CPU
		{A4DE6DAA-CDAA-4D57-ABBD-AC0245AA0831}.Release|Any CPU.Build.0 = Release|Any CPU
		{6E3F7ABB-9DB9-404A-88FC-7C590E53694D}.Debug|Any CPU.ActiveCfg = Debug|Any CPU
		{6E3F7ABB-9DB9-404A-88FC-7C590E53694D}.Debug|Any CPU.Build.0 = Debug|Any CPU
		{6E3F7ABB-9DB9-404A-88FC-7C590E53694D}.Release|Any CPU.ActiveCfg = Release|Any CPU
		{6E3F7ABB-9DB9-404A-88FC-7C590E53694D}.Release|Any CPU.Build.0 = Release|Any CPU
		{88C9A241-FBA7-4802-8B27-B2EC9696BCA6}.Debug|Any CPU.ActiveCfg = Debug|Any CPU
		{88C9A241-FBA7-4802-8B27-B2EC9696BCA6}.Debug|Any CPU.Build.0 = Debug|Any CPU
		{88C9A241-FBA7-4802-8B27-B2EC9696BCA6}.Release|Any CPU.ActiveCfg = Release|Any CPU
		{88C9A241-FBA7-4802-8B27-B2EC9696BCA6}.Release|Any CPU.Build.0 = Release|Any CPU
		{91FDD3C0-550F-4565-A8F9-38A82C7AD3A8}.Debug|Any CPU.ActiveCfg = Debug|Any CPU
		{91FDD3C0-550F-4565-A8F9-38A82C7AD3A8}.Debug|Any CPU.Build.0 = Debug|Any CPU
		{91FDD3C0-550F-4565-A8F9-38A82C7AD3A8}.Release|Any CPU.ActiveCfg = Release|Any CPU
		{91FDD3C0-550F-4565-A8F9-38A82C7AD3A8}.Release|Any CPU.Build.0 = Release|Any CPU
		{68361270-6FA1-47B6-A037-97F83C004D03}.Debug|Any CPU.ActiveCfg = Debug|Any CPU
		{68361270-6FA1-47B6-A037-97F83C004D03}.Debug|Any CPU.Build.0 = Debug|Any CPU
		{68361270-6FA1-47B6-A037-97F83C004D03}.Release|Any CPU.ActiveCfg = Release|Any CPU
		{68361270-6FA1-47B6-A037-97F83C004D03}.Release|Any CPU.Build.0 = Release|Any CPU
		{C4157C0C-1BFD-469B-A5B8-A9027B2B9D68}.Debug|Any CPU.ActiveCfg = Debug|Any CPU
		{C4157C0C-1BFD-469B-A5B8-A9027B2B9D68}.Debug|Any CPU.Build.0 = Debug|Any CPU
		{C4157C0C-1BFD-469B-A5B8-A9027B2B9D68}.Release|Any CPU.ActiveCfg = Release|Any CPU
		{C4157C0C-1BFD-469B-A5B8-A9027B2B9D68}.Release|Any CPU.Build.0 = Release|Any CPU
		{182E57A5-B304-4150-BD5D-1EF06A1A46B9}.Debug|Any CPU.ActiveCfg = Debug|Any CPU
		{182E57A5-B304-4150-BD5D-1EF06A1A46B9}.Debug|Any CPU.Build.0 = Debug|Any CPU
		{182E57A5-B304-4150-BD5D-1EF06A1A46B9}.Release|Any CPU.ActiveCfg = Release|Any CPU
		{182E57A5-B304-4150-BD5D-1EF06A1A46B9}.Release|Any CPU.Build.0 = Release|Any CPU
	EndGlobalSection
	GlobalSection(NestedProjects) = preSolution
		{3010C256-7EE9-43E4-81ED-692D11B34490} = {AD049D0D-F354-4D10-AD47-E96B8F6F0568}
		{1915348C-17DC-4CB2-81B8-308969EE2B4E} = {AD049D0D-F354-4D10-AD47-E96B8F6F0568}
		{4AA0C78B-2F54-4BCA-8B80-0000071DBC61} = {AD049D0D-F354-4D10-AD47-E96B8F6F0568}
		{A4DE6DAA-CDAA-4D57-ABBD-AC0245AA0831} = {AD049D0D-F354-4D10-AD47-E96B8F6F0568}
		{6E3F7ABB-9DB9-404A-88FC-7C590E53694D} = {AD049D0D-F354-4D10-AD47-E96B8F6F0568}
		{88C9A241-FBA7-4802-8B27-B2EC9696BCA6} = {AD049D0D-F354-4D10-AD47-E96B8F6F0568}
		{91FDD3C0-550F-4565-A8F9-38A82C7AD3A8} = {AD049D0D-F354-4D10-AD47-E96B8F6F0568}
		{68361270-6FA1-47B6-A037-97F83C004D03} = {AD049D0D-F354-4D10-AD47-E96B8F6F0568}
		{C4157C0C-1BFD-469B-A5B8-A9027B2B9D68} = {AD049D0D-F354-4D10-AD47-E96B8F6F0568}
		{182E57A5-B304-4150-BD5D-1EF06A1A46B9} = {AD049D0D-F354-4D10-AD47-E96B8F6F0568}
	EndGlobalSection
EndGlobal
